# @generated - this file is auto-generated by `mise lock` https://mise.en.dev/dev-tools/mise-lock.html

[[tools.hugo-extended]]
version = "0.163.2"
backend = "aqua:gohugoio/hugo/hugo-extended"

[tools.hugo-extended."platforms.linux-arm64"]
checksum = "sha256:6b0d6d72868d287d17d3b8c34c9879a5249c70f39993dd79d66d20eabe8735f7"
url = "https://github.com/gohugoio/hugo/releases/download/v0.163.2/hugo_extended_0.163.2_linux-arm64.tar.gz"

[tools.hugo-extended."platforms.linux-arm64-musl"]
checksum = "sha256:6b0d6d72868d287d17d3b8c34c9879a5249c70f39993dd79d66d20eabe8735f7"
url = "https://github.com/gohugoio/hugo/releases/download/v0.163.2/hugo_extended_0.163.2_linux-arm64.tar.gz"

[tools.hugo-extended."platforms.linux-x64"]
checksum = "sha256:a5de14c2accbde27bb9e73d110704e0c816b69f8a081704b4406281c5bf897c2"
url = "https://github.com/gohugoio/hugo/releases/download/v0.163.2/hugo_extended_0.163.2_linux-amd64.tar.gz"

[tools.hugo-extended."platforms.linux-x64-musl"]
checksum = "sha256:a5de14c2accbde27bb9e73d110704e0c816b69f8a081704b4406281c5bf897c2"
url = "https://github.com/gohugoio/hugo/releases/download/v0.163.2/hugo_extended_0.163.2_linux-amd64.tar.gz"

[tools.hugo-extended."platforms.macos-arm64"]
checksum = "sha256:f82ed008f79f6c02c62f9f0ca5dc315a398b4b71203bddc44b8c168065a8b8d2"
url = "https://github.com/gohugoio/hugo/releases/download/v0.163.2/hugo_extended_0.163.2_darwin-universal.pkg"

[tools.hugo-extended."platforms.macos-x64"]
checksum = "sha256:f82ed008f79f6c02c62f9f0ca5dc315a398b4b71203bddc44b8c168065a8b8d2"
url = "https://github.com/gohugoio/hugo/releases/download/v0.163.2/hugo_extended_0.163.2_darwin-universal.pkg"

[tools.hugo-extended."platforms.windows-x64"]
checksum = "sha256:afa6af4f1609b1d85541ec745f9953e69605c2afb59bcbaaa3cdf4448fc93bed"
url = "https://github.com/gohugoio/hugo/releases/download/v0.163.2/hugo_extended_0.163.2_windows-amd64.zip"

[[tools.lychee]]
version = "0.24.2"
backend = "aqua:lycheeverse/lychee"

[tools.lychee."platforms.linux-arm64"]
checksum = "sha256:5d0b0e3aeab240f41920c633a6eaf97599be6eedda034b36e858ede7dba5e535"
url = "https://github.com/lycheeverse/lychee/releases/download/lychee-v0.24.2/lychee-aarch64-unknown-linux-musl.tar.gz"

[tools.lychee."platforms.linux-arm64-musl"]
checksum = "sha256:5d0b0e3aeab240f41920c633a6eaf97599be6eedda034b36e858ede7dba5e535"
url = "https://github.com/lycheeverse/lychee/releases/download/lychee-v0.24.2/lychee-aarch64-unknown-linux-musl.tar.gz"

[tools.lychee."platforms.linux-x64"]
checksum = "sha256:73657a111819a30c47c08352896796f23d64e4eb2b3ed39b6d32149241566fc5"
url = "https://github.com/lycheeverse/lychee/releases/download/lychee-v0.24.2/lychee-x86_64-unknown-linux-musl.tar.gz"

[tools.lychee."platforms.linux-x64-musl"]
checksum = "sha256:73657a111819a30c47c08352896796f23d64e4eb2b3ed39b6d32149241566fc5"
url = "https://github.com/lycheeverse/lychee/releases/download/lychee-v0.24.2/lychee-x86_64-unknown-linux-musl.tar.gz"

[tools.lychee."platforms.macos-arm64"]
checksum = "sha256:c9d3740ea2d891854d37116c9fba840f37b6e7c89d330e7db84ac333631c4977"
url = "https://github.com/lycheeverse/lychee/releases/download/lychee-v0.24.2/lychee-aarch64-apple-darwin.tar.gz"

[tools.lychee."platforms.macos-x64"]
checksum = "sha256:887503a9cff667d322b8d0892b40bf49976eb9507af8483220a3706cdad55978"
url = "https://github.com/lycheeverse/lychee/releases/download/lychee-v0.24.2/lychee-x86_64-apple-darwin.tar.gz"

[tools.lychee."platforms.windows-x64"]
checksum = "sha256:32975d1493ee1a975d6bb41e4fb56fe419cb442ded628bb772ba2e614acfacad"
url = "https://github.com/lycheeverse/lychee/releases/download/lychee-v0.24.2/lychee-x86_64-pc-windows-msvc.zip"
